
Microsoft Visual Studio Solution File, Format Version 12.00
# Visual Studio Version 16
VisualStudioVersion = 16.0.29215.179
MinimumVisualStudioVersion = 10.0.40219.1
Project("{FAE04EC0-301F-11D3-BF4B-00C04F79EFBC}") = "PuntoDeVenta", "PuntoDeVenta.csproj", "{56BFF23B-C078-457F-AA1F-8949438079FD}"
EndProject
Global
	GlobalSection(SolutionConfigurationPlatforms) = preSolution
		Debug|Any CPU = Debug|Any CPU
		Release|Any CPU = Release|Any CPU
	EndGlobalSection
	GlobalSection(ProjectConfigurationPlatforms) = postSolution
		{56BFF23B-C078-457F-AA1F-8949438079FD}.Debug|Any CPU.ActiveCfg = Debug|Any CPU
		{56BFF23B-C078-457F-AA1F-8949438079FD}.Debug|Any CPU.Build.0 = Debug|Any CPU
		{56BFF23B-C078-457F-AA1F-8949438079FD}.Release|Any CPU.ActiveCfg = Release|Any CPU
		{56BFF23B-C078-457F-AA1F-8949438079FD}.Release|Any CPU.Build.0 = Release|Any CPU
	EndGlobalSection
	GlobalSection(SolutionProperties) = preSolution
		HideSolutionNode = FALSE
	EndGlobalSection
	GlobalSection(ExtensibilityGlobals) = postSolution
		SolutionGuid = {AA2A50E4-0089-48AA-ACD0-192FDEDBDC5D}
	EndGlobalSection
EndGlobal
